dependencies:
  tslib: 2.0.3
devDependencies:
  '@types/node': 14.11.8
  typescript: 4.0.3
lockfileVersion: 5.2
packages:
  /@types/node/14.11.8:
    dev: true
    resolution:
      integrity: sha512-KPcKqKm5UKDkaYPTuXSx8wEP7vE9GnuaXIZKijwRYcePpZFDVuy2a57LarFKiORbHOuTOOwYzxVxcUzsh2P2Pw==
  /tslib/2.0.3:
    dev: false
    resolution:
      integrity: sha512-uZtkfKblCEQtZKBF6EBXVZeQNl82yqtDQdv+eck8u7tdPxjLu2/lp5/uPW+um2tpuxINHWy3GhiccY7QgEaVHQ==
  /typescript/4.0.3:
    dev: true
    engines:
      node: '>=4.2.0'
    hasBin: true
    resolution:
      integrity: sha512-tEu6DGxGgRJPb/mVPIZ48e69xCn2yRmCgYmDugAVwmJ6o+0u1RI18eO7E7WBTLYLaEVVOhwQmcdhQHweux/WPg==
specifiers:
  '@types/node': ^14.11.8
  tslib: ^2.0.3
  typescript: ^4.0.3
